
Microsoft Visual Studio Solution File, Format Version 12.00
# Visual Studio Version 16
VisualStudioVersion = 16.0.31702.278
MinimumVisualStudioVersion = 10.0.40219.1
Project("{FAE04EC0-301F-11D3-BF4B-00C04F79EFBC}") = "stefaniniTestApiRest", "stefaniniTest\stefaniniTestApiRest.csproj", "{045C7D18-0C5F-46CA-88A9-079DFADC5C2F}"
EndProject
Global
	GlobalSection(SolutionConfigurationPlatforms) = preSolution
		Debug|Any CPU = Debug|Any CPU
		Release|Any CPU = Release|Any CPU
	EndGlobalSection
	GlobalSection(ProjectConfigurationPlatforms) = postSolution
		{045C7D18-0C5F-46CA-88A9-079DFADC5C2F}.Debug|Any CPU.ActiveCfg = Debug|Any CPU
		{045C7D18-0C5F-46CA-88A9-079DFADC5C2F}.Debug|Any CPU.Build.0 = Debug|Any CPU
		{045C7D18-0C5F-46CA-88A9-079DFADC5C2F}.Release|Any CPU.ActiveCfg = Release|Any CPU
		{045C7D18-0C5F-46CA-88A9-079DFADC5C2F}.Release|Any CPU.Build.0 = Release|Any CPU
	EndGlobalSection
	GlobalSection(SolutionProperties) = preSolution
		HideSolutionNode = FALSE
	EndGlobalSection
	GlobalSection(ExtensibilityGlobals) = postSolution
		SolutionGuid = {117E1B2D-631E-4911-BBCE-02601691D53E}
	EndGlobalSection
EndGlobal
